<?xml version="1.0" encoding="utf-8"?>
<Project ToolsVersion="4.0" xmlns="http://schemas.microsoft.com/developer/msbuild/2003">
  <ItemGroup>
    <Filter Include="include">
      <UniqueIdentifier>{2f09d425-2b8c-4f77-8421-dd339d4c2012}</UniqueIdentifier>
    </Filter>
    <Filter Include="source">
      <UniqueIdentifier>{a9e288c9-8589-4f49-b1c0-c67cb69d331c}</UniqueIdentifier>
    </Filter>
  </ItemGroup>
  <ItemGroup>
    <ClInclude Include="include\AllLayers.h">
      <Filter>include</Filter>
    </ClInclude>
    <ClInclude Include="include\InputLayer.h">
      <Filter>include</Filter>
    </ClInclude>
    <ClInclude Include="include\Layer.h">
      <Filter>include</Filter>
    </ClInclude>
    <ClInclude Include="include\LinearLayer.h">
      <Filter>include</Filter>
    </ClInclude>
    <ClInclude Include="include\NeuralNet.h">
      <Filter>include</Filter>
    </ClInclude>
    <ClInclude Include="include\OutputLayer.h">
      <Filter>include</Filter>
    </ClInclude>
    <ClInclude Include="include\SigmoidLayer.h">
      <Filter>include</Filter>
    </ClInclude>
    <ClInclude Include="include\GpuMemory.h">
      <Filter>include</Filter>
    </ClInclude>
    <ClInclude Include="include\GpuUtils.h">
      <Filter>include</Filter>
    </ClInclude>
    <ClInclude Include="include\LinearLayerGPU.h">
      <Filter>include</Filter>
    </ClInclude>
  </ItemGroup>
  <ItemGroup>
    <ClCompile Include="source\source.cpp">
      <Filter>source</Filter>
    </ClCompile>
  </ItemGroup>
  <ItemGroup>
    <CudaCompile Include="source\linearLayerGPU.cu">
      <Filter>source</Filter>
    </CudaCompile>
  </ItemGroup>
</Project>